
Microsoft Visual Studio Solution File, Format Version 9.00
# Visual Studio 2005
Project("{FAE04EC0-301F-11D3-BF4B-00C04F79EFBC}") = "TCP Client (PocketPC)", "TCP Client (PocketPC).csproj", "{B78D3EE1-B391-4726-8C56-B6421B0DFF5D}"
EndProject
Global
	GlobalSection(SolutionConfigurationPlatforms) = preSolution
		Debug|Any CPU = Debug|Any CPU
		Release|Any CPU = Release|Any CPU
	EndGlobalSection
	GlobalSection(ProjectConfigurationPlatforms) = postSolution
		{B78D3EE1-B391-4726-8C56-B6421B0DFF5D}.Debug|Any CPU.ActiveCfg = Debug|Any CPU
		{B78D3EE1-B391-4726-8C56-B6421B0DFF5D}.Debug|Any CPU.Build.0 = Debug|Any CPU
		{B78D3EE1-B391-4726-8C56-B6421B0DFF5D}.Debug|Any CPU.Deploy.0 = Debug|Any CPU
		{B78D3EE1-B391-4726-8C56-B6421B0DFF5D}.Release|Any CPU.ActiveCfg = Release|Any CPU
		{B78D3EE1-B391-4726-8C56-B6421B0DFF5D}.Release|Any CPU.Build.0 = Release|Any CPU
		{B78D3EE1-B391-4726-8C56-B6421B0DFF5D}.Release|Any CPU.Deploy.0 = Release|Any CPU
	EndGlobalSection
	GlobalSection(SolutionProperties) = preSolution
		HideSolutionNode = FALSE
	EndGlobalSection
EndGlobal
