
Microsoft Visual Studio Solution File, Format Version 10.00
# Visual Studio 2008
Project("{FAE04EC0-301F-11D3-BF4B-00C04F79EFBC}") = "dbSyncTest", "dbSyncTest\dbSyncTest.csproj", "{F696102F-D125-4807-8F83-99E0315F3FB2}"
EndProject
Global
	GlobalSection(SolutionConfigurationPlatforms) = preSolution
		Debug|Any CPU = Debug|Any CPU
		Release|Any CPU = Release|Any CPU
	EndGlobalSection
	GlobalSection(ProjectConfigurationPlatforms) = postSolution
		{F696102F-D125-4807-8F83-99E0315F3FB2}.Debug|Any CPU.ActiveCfg = Debug|Any CPU
		{F696102F-D125-4807-8F83-99E0315F3FB2}.Debug|Any CPU.Build.0 = Debug|Any CPU
		{F696102F-D125-4807-8F83-99E0315F3FB2}.Release|Any CPU.ActiveCfg = Release|Any CPU
		{F696102F-D125-4807-8F83-99E0315F3FB2}.Release|Any CPU.Build.0 = Release|Any CPU
	EndGlobalSection
	GlobalSection(SolutionProperties) = preSolution
		HideSolutionNode = FALSE
	EndGlobalSection
EndGlobal
