
Microsoft Visual Studio Solution File, Format Version 10.00
# Visual Studio 2008
Project("{FAE04EC0-301F-11D3-BF4B-00C04F79EFBC}") = "PrintBarcodes", "PrintBarcodes\PrintBarcodes.csproj", "{82A012AA-80DF-458C-A6EA-6B86EFA6D20B}"
EndProject
Global
	GlobalSection(SolutionConfigurationPlatforms) = preSolution
		Debug|Any CPU = Debug|Any CPU
		Release|Any CPU = Release|Any CPU
	EndGlobalSection
	GlobalSection(ProjectConfigurationPlatforms) = postSolution
		{82A012AA-80DF-458C-A6EA-6B86EFA6D20B}.Debug|Any CPU.ActiveCfg = Debug|Any CPU
		{82A012AA-80DF-458C-A6EA-6B86EFA6D20B}.Debug|Any CPU.Build.0 = Debug|Any CPU
		{82A012AA-80DF-458C-A6EA-6B86EFA6D20B}.Release|Any CPU.ActiveCfg = Release|Any CPU
		{82A012AA-80DF-458C-A6EA-6B86EFA6D20B}.Release|Any CPU.Build.0 = Release|Any CPU
	EndGlobalSection
	GlobalSection(SolutionProperties) = preSolution
		HideSolutionNode = FALSE
	EndGlobalSection
EndGlobal
