
Microsoft Visual Studio Solution File, Format Version 10.00
# Visual Studio 2008
Project("{FAE04EC0-301F-11D3-BF4B-00C04F79EFBC}") = "Batchmærke", "Batchmærke\Batchmærke.csproj", "{BBE378A1-C42D-4F40-AC1E-83C820075852}"
EndProject
Global
	GlobalSection(SolutionConfigurationPlatforms) = preSolution
		Debug|Any CPU = Debug|Any CPU
		Release|Any CPU = Release|Any CPU
	EndGlobalSection
	GlobalSection(ProjectConfigurationPlatforms) = postSolution
		{BBE378A1-C42D-4F40-AC1E-83C820075852}.Debug|Any CPU.ActiveCfg = Debug|Any CPU
		{BBE378A1-C42D-4F40-AC1E-83C820075852}.Debug|Any CPU.Build.0 = Debug|Any CPU
		{BBE378A1-C42D-4F40-AC1E-83C820075852}.Release|Any CPU.ActiveCfg = Release|Any CPU
		{BBE378A1-C42D-4F40-AC1E-83C820075852}.Release|Any CPU.Build.0 = Release|Any CPU
	EndGlobalSection
	GlobalSection(SolutionProperties) = preSolution
		HideSolutionNode = FALSE
	EndGlobalSection
EndGlobal
